
Microsoft Visual Studio Solution File, Format Version 12.00
# Visual Studio Version 17
VisualStudioVersion = 17.1.32210.238
MinimumVisualStudioVersion = 10.0.40219.1
Project("{FAE04EC0-301F-11D3-BF4B-00C04F79EFBC}") = "Homework 05", "Homework 05\Homework 05.csproj", "{618F59B2-305B-4022-AE86-581267213285}"
EndProject
Global
	GlobalSection(SolutionConfigurationPlatforms) = preSolution
		Debug|Any CPU = Debug|Any CPU
		Release|Any CPU = Release|Any CPU
	EndGlobalSection
	GlobalSection(ProjectConfigurationPlatforms) = postSolution
		{618F59B2-305B-4022-AE86-581267213285}.Debug|Any CPU.ActiveCfg = Debug|Any CPU
		{618F59B2-305B-4022-AE86-581267213285}.Debug|Any CPU.Build.0 = Debug|Any CPU
		{618F59B2-305B-4022-AE86-581267213285}.Release|Any CPU.ActiveCfg = Release|Any CPU
		{618F59B2-305B-4022-AE86-581267213285}.Release|Any CPU.Build.0 = Release|Any CPU
	EndGlobalSection
	GlobalSection(SolutionProperties) = preSolution
		HideSolutionNode = FALSE
	EndGlobalSection
	GlobalSection(ExtensibilityGlobals) = postSolution
		SolutionGuid = {A4012882-B1A0-4C7C-B723-6400DA521726}
	EndGlobalSection
EndGlobal
