
Microsoft Visual Studio Solution File, Format Version 12.00
# Visual Studio Version 17
VisualStudioVersion = 17.1.32210.238
MinimumVisualStudioVersion = 10.0.40219.1
Project("{FAE04EC0-301F-11D3-BF4B-00C04F79EFBC}") = "Homework08", "Homework08\Homework08.csproj", "{393E814A-A541-4A65-BBDF-9DD07F2ABAE7}"
EndProject
Global
	GlobalSection(SolutionConfigurationPlatforms) = preSolution
		Debug|Any CPU = Debug|Any CPU
		Release|Any CPU = Release|Any CPU
	EndGlobalSection
	GlobalSection(ProjectConfigurationPlatforms) = postSolution
		{393E814A-A541-4A65-BBDF-9DD07F2ABAE7}.Debug|Any CPU.ActiveCfg = Debug|Any CPU
		{393E814A-A541-4A65-BBDF-9DD07F2ABAE7}.Debug|Any CPU.Build.0 = Debug|Any CPU
		{393E814A-A541-4A65-BBDF-9DD07F2ABAE7}.Release|Any CPU.ActiveCfg = Release|Any CPU
		{393E814A-A541-4A65-BBDF-9DD07F2ABAE7}.Release|Any CPU.Build.0 = Release|Any CPU
	EndGlobalSection
	GlobalSection(SolutionProperties) = preSolution
		HideSolutionNode = FALSE
	EndGlobalSection
	GlobalSection(ExtensibilityGlobals) = postSolution
		SolutionGuid = {58F11C5A-8CF8-40B3-8CE8-4A385573FFD2}
	EndGlobalSection
EndGlobal
